// !$*UTF8*$!
{
	archiveVersion = 1;
	classes = {
	};
	objectVersion = 55;
	objects = {

/* Begin PBXBuildFile section */
		42406EF97760B35151C527EA /* libPods-GaiaXSocket.a in Frameworks */ = {isa = PBXBuildFile; fileRef = 5C9E9353E89C5D6C40CCDC03 /* libPods-GaiaXSocket.a */; };
		8D23C0102856E3B800EC75F6 /* GaiaXSocket.h in Headers */ = {isa = PBXBuildFile; fileRef = 8D23C00F2856E3B800EC75F6 /* GaiaXSocket.h */; settings = {ATTRIBUTES = (Public, ); }; };
		8D23C0182856E42D00EC75F6 /* GaiaXSocketJsonRpcDefine.h in Headers */ = {isa = PBXBuildFile; fileRef = 8D23C0162856E42D00EC75F6 /* GaiaXSocketJsonRpcDefine.h */; };
		8D23C0192856E42D00EC75F6 /* GaiaXSocketJsonRpcDefine.m in Sources */ = {isa = PBXBuildFile; fileRef = 8D23C0172856E42D00EC75F6 /* GaiaXSocketJsonRpcDefine.m */; };
		8D23C0202856E68200EC75F6 /* GaiaXSocketUtils.h in Headers */ = {isa = PBXBuildFile; fileRef = 8D23C01E2856E68200EC75F6 /* GaiaXSocketUtils.h */; };
		8D23C0212856E68200EC75F6 /* GaiaXSocketUtils.m in Sources */ = {isa = PBXBuildFile; fileRef = 8D23C01F2856E68200EC75F6 /* GaiaXSocketUtils.m */; };
		8D23C0242856EAA200EC75F6 /* GaiaXSocketClient.h in Headers */ = {isa = PBXBuildFile; fileRef = 8D23C0222856EAA200EC75F6 /* GaiaXSocketClient.h */; settings = {ATTRIBUTES = (Public, ); }; };
		8D23C0252856EAA200EC75F6 /* GaiaXSocketClient.m in Sources */ = {isa = PBXBuildFile; fileRef = 8D23C0232856EAA200EC75F6 /* GaiaXSocketClient.m */; };
		8D23C0282856EAB700EC75F6 /* GaiaXSocketManager.h in Headers */ = {isa = PBXBuildFile; fileRef = 8D23C0262856EAB700EC75F6 /* GaiaXSocketManager.h */; settings = {ATTRIBUTES = (Public, ); }; };
		8D23C0292856EAB700EC75F6 /* GaiaXSocketManager.m in Sources */ = {isa = PBXBuildFile; fileRef = 8D23C0272856EAB700EC75F6 /* GaiaXSocketManager.m */; };
		8D23C02F28570EC000EC75F6 /* GaiaXSocketProtocol.h in Headers */ = {isa = PBXBuildFile; fileRef = 8D23C02E28570EC000EC75F6 /* GaiaXSocketProtocol.h */; settings = {ATTRIBUTES = (Public, ); }; };
		BDE9A30B29029C0100D5120C /* GaiaXSocketModel.h in Headers */ = {isa = PBXBuildFile; fileRef = BDE9A30929029C0100D5120C /* GaiaXSocketModel.h */; settings = {ATTRIBUTES = (Public, ); }; };
		BDE9A30C29029C0100D5120C /* GaiaXSocketModel.m in Sources */ = {isa = PBXBuildFile; fileRef = BDE9A30A29029C0100D5120C /* GaiaXSocketModel.m */; };
/* End PBXBuildFile section */

/* Begin PBXFileReference section */
		5C9E9353E89C5D6C40CCDC03 /* libPods-GaiaXSocket.a */ = {isa = PBXFileReference; explicitFileType = archive.ar; includeInIndex = 0; path = "libPods-GaiaXSocket.a"; sourceTree = BUILT_PRODUCTS_DIR; };
		8D23C00C2856E3B800EC75F6 /* GaiaXSocket.framework */ = {isa = PBXFileReference; explicitFileType = wrapper.framework; includeInIndex = 0; path = GaiaXSocket.framework; sourceTree = BUILT_PRODUCTS_DIR; };
		8D23C00F2856E3B800EC75F6 /* GaiaXSocket.h */ = {isa = PBXFileReference; lastKnownFileType = sourcecode.c.h; path = GaiaXSocket.h; sourceTree = "<group>"; };
		8D23C0162856E42D00EC75F6 /* GaiaXSocketJsonRpcDefine.h */ = {isa = PBXFileReference; lastKnownFileType = sourcecode.c.h; path = GaiaXSocketJsonRpcDefine.h; sourceTree = "<group>"; };
		8D23C0172856E42D00EC75F6 /* GaiaXSocketJsonRpcDefine.m */ = {isa = PBXFileReference; lastKnownFileType = sourcecode.c.objc; path = GaiaXSocketJsonRpcDefine.m; sourceTree = "<group>"; };
		8D23C01E2856E68200EC75F6 /* GaiaXSocketUtils.h */ = {isa = PBXFileReference; lastKnownFileType = sourcecode.c.h; path = GaiaXSocketUtils.h; sourceTree = "<group>"; };
		8D23C01F2856E68200EC75F6 /* GaiaXSocketUtils.m */ = {isa = PBXFileReference; lastKnownFileType = sourcecode.c.objc; path = GaiaXSocketUtils.m; sourceTree = "<group>"; };
		8D23C0222856EAA200EC75F6 /* GaiaXSocketClient.h */ = {isa = PBXFileReference; lastKnownFileType = sourcecode.c.h; path = GaiaXSocketClient.h; sourceTree = "<group>"; };
		8D23C0232856EAA200EC75F6 /* GaiaXSocketClient.m */ = {isa = PBXFileReference; lastKnownFileType = sourcecode.c.objc; path = GaiaXSocketClient.m; sourceTree = "<group>"; };
		8D23C0262856EAB700EC75F6 /* GaiaXSocketManager.h */ = {isa = PBXFileReference; lastKnownFileType = sourcecode.c.h; path = GaiaXSocketManager.h; sourceTree = "<group>"; };
		8D23C0272856EAB700EC75F6 /* GaiaXSocketManager.m */ = {isa = PBXFileReference; lastKnownFileType = sourcecode.c.objc; path = GaiaXSocketManager.m; sourceTree = "<group>"; };
		8D23C02E28570EC000EC75F6 /* GaiaXSocketProtocol.h */ = {isa = PBXFileReference; lastKnownFileType = sourcecode.c.h; path = GaiaXSocketProtocol.h; sourceTree = "<group>"; };
		8D23C0332857532F00EC75F6 /* Info.plist */ = {isa = PBXFileReference; lastKnownFileType = text.plist; path = Info.plist; sourceTree = "<group>"; };
		A1C9BBCC75A57C0EC5E290E9 /* Pods-GaiaXSocket.debug.xcconfig */ = {isa = PBXFileReference; includeInIndex = 1; lastKnownFileType = text.xcconfig; name = "Pods-GaiaXSocket.debug.xcconfig"; path = "Target Support Files/Pods-GaiaXSocket/Pods-GaiaXSocket.debug.xcconfig"; sourceTree = "<group>"; };
		BDE9A30929029C0100D5120C /* GaiaXSocketModel.h */ = {isa = PBXFileReference; lastKnownFileType = sourcecode.c.h; path = GaiaXSocketModel.h; sourceTree = "<group>"; };
		BDE9A30A29029C0100D5120C /* GaiaXSocketModel.m */ = {isa = PBXFileReference; lastKnownFileType = sourcecode.c.objc; path = GaiaXSocketModel.m; sourceTree = "<group>"; };
		FD625657B8857C352384BEA1 /* Pods-GaiaXSocket.release.xcconfig */ = {isa = PBXFileReference; includeInIndex = 1; lastKnownFileType = text.xcconfig; name = "Pods-GaiaXSocket.release.xcconfig"; path = "Target Support Files/Pods-GaiaXSocket/Pods-GaiaXSocket.release.xcconfig"; sourceTree = "<group>"; };
/* End PBXFileReference section */

/* Begin PBXFrameworksBuildPhase section */
		8D23C0092856E3B800EC75F6 /* Frameworks */ = {
			isa = PBXFrameworksBuildPhase;
			buildActionMask = 2147483647;
			files = (
				42406EF97760B35151C527EA /* libPods-GaiaXSocket.a in Frameworks */,
			);
			runOnlyForDeploymentPostprocessing = 0;
		};
/* End PBXFrameworksBuildPhase section */

/* Begin PBXGroup section */
		12EB8A29E4EB924D84431D77 /* Pods */ = {
			isa = PBXGroup;
			children = (
				A1C9BBCC75A57C0EC5E290E9 /* Pods-GaiaXSocket.debug.xcconfig */,
				FD625657B8857C352384BEA1 /* Pods-GaiaXSocket.release.xcconfig */,
			);
			path = Pods;
			sourceTree = "<group>";
		};
		7F35EDA82FFAC1FAAA9A56BC /* Frameworks */ = {
			isa = PBXGroup;
			children = (
				5C9E9353E89C5D6C40CCDC03 /* libPods-GaiaXSocket.a */,
			);
			name = Frameworks;
			sourceTree = "<group>";
		};
		8D23C0022856E3B800EC75F6 = {
			isa = PBXGroup;
			children = (
				8D23C00E2856E3B800EC75F6 /* GaiaXSocket */,
				8D23C00D2856E3B800EC75F6 /* Products */,
				12EB8A29E4EB924D84431D77 /* Pods */,
				7F35EDA82FFAC1FAAA9A56BC /* Frameworks */,
			);
			sourceTree = "<group>";
		};
		8D23C00D2856E3B800EC75F6 /* Products */ = {
			isa = PBXGroup;
			children = (
				8D23C00C2856E3B800EC75F6 /* GaiaXSocket.framework */,
			);
			name = Products;
			sourceTree = "<group>";
		};
		8D23C00E2856E3B800EC75F6 /* GaiaXSocket */ = {
			isa = PBXGroup;
			children = (
				8D23C0332857532F00EC75F6 /* Info.plist */,
				8D23C00F2856E3B800EC75F6 /* GaiaXSocket.h */,
				8D23C02E28570EC000EC75F6 /* GaiaXSocketProtocol.h */,
				8D23C0262856EAB700EC75F6 /* GaiaXSocketManager.h */,
				8D23C0272856EAB700EC75F6 /* GaiaXSocketManager.m */,
				8D23C01E2856E68200EC75F6 /* GaiaXSocketUtils.h */,
				8D23C01F2856E68200EC75F6 /* GaiaXSocketUtils.m */,
				8D23C0222856EAA200EC75F6 /* GaiaXSocketClient.h */,
				8D23C0232856EAA200EC75F6 /* GaiaXSocketClient.m */,
				8D23C0162856E42D00EC75F6 /* GaiaXSocketJsonRpcDefine.h */,
				8D23C0172856E42D00EC75F6 /* GaiaXSocketJsonRpcDefine.m */,
				BDE9A30929029C0100D5120C /* GaiaXSocketModel.h */,
				BDE9A30A29029C0100D5120C /* GaiaXSocketModel.m */,
			);
			path = GaiaXSocket;
			sourceTree = "<group>";
		};
/* End PBXGroup section */

/* Begin PBXHeadersBuildPhase section */
		8D23C0072856E3B800EC75F6 /* Headers */ = {
			isa = PBXHeadersBuildPhase;
			buildActionMask = 2147483647;
			files = (
				8D23C0282856EAB700EC75F6 /* GaiaXSocketManager.h in Headers */,
				8D23C0242856EAA200EC75F6 /* GaiaXSocketClient.h in Headers */,
				8D23C02F28570EC000EC75F6 /* GaiaXSocketProtocol.h in Headers */,
				BDE9A30B29029C0100D5120C /* GaiaXSocketModel.h in Headers */,
				8D23C0202856E68200EC75F6 /* GaiaXSocketUtils.h in Headers */,
				8D23C0102856E3B800EC75F6 /* GaiaXSocket.h in Headers */,
				8D23C0182856E42D00EC75F6 /* GaiaXSocketJsonRpcDefine.h in Headers */,
			);
			runOnlyForDeploymentPostprocessing = 0;
		};
/* End PBXHeadersBuildPhase section */

/* Begin PBXNativeTarget section */
		8D23C00B2856E3B800EC75F6 /* GaiaXSocket */ = {
			isa = PBXNativeTarget;
			buildConfigurationList = 8D23C0132856E3B800EC75F6 /* Build configuration list for PBXNativeTarget "GaiaXSocket" */;
			buildPhases = (
				3C4B8E2F23E77ABA6D4FC928 /* [CP] Check Pods Manifest.lock */,
				8D23C0072856E3B800EC75F6 /* Headers */,
				8D23C0082856E3B800EC75F6 /* Sources */,
				8D23C0092856E3B800EC75F6 /* Frameworks */,
				8D23C00A2856E3B800EC75F6 /* Resources */,
			);
			buildRules = (
			);
			dependencies = (
			);
			name = GaiaXSocket;
			productName = GaiaXSocket;
			productReference = 8D23C00C2856E3B800EC75F6 /* GaiaXSocket.framework */;
			productType = "com.apple.product-type.framework";
		};
/* End PBXNativeTarget section */

/* Begin PBXProject section */
		8D23C0032856E3B800EC75F6 /* Project object */ = {
			isa = PBXProject;
			attributes = {
				LastUpgradeCheck = 1330;
				TargetAttributes = {
					8D23C00B2856E3B800EC75F6 = {
						CreatedOnToolsVersion = 13.3.1;
					};
				};
			};
			buildConfigurationList = 8D23C0062856E3B800EC75F6 /* Build configuration list for PBXProject "GaiaXSocket" */;
			compatibilityVersion = "Xcode 13.0";
			developmentRegion = en;
			hasScannedForEncodings = 0;
			knownRegions = (
				en,
				Base,
			);
			mainGroup = 8D23C0022856E3B800EC75F6;
			productRefGroup = 8D23C00D2856E3B800EC75F6 /* Products */;
			projectDirPath = "";
			projectRoot = "";
			targets = (
				8D23C00B2856E3B800EC75F6 /* GaiaXSocket */,
			);
		};
/* End PBXProject section */

/* Begin PBXResourcesBuildPhase section */
		8D23C00A2856E3B800EC75F6 /* Resources */ = {
			isa = PBXResourcesBuildPhase;
			buildActionMask = 2147483647;
			files = (
			);
			runOnlyForDeploymentPostprocessing = 0;
		};
/* End PBXResourcesBuildPhase section */

/* Begin PBXShellScriptBuildPhase section */
		3C4B8E2F23E77ABA6D4FC928 /* [CP] Check Pods Manifest.lock */ = {
			isa = PBXShellScriptBuildPhase;
			buildActionMask = 2147483647;
			files = (
			);
			inputFileListPaths = (
			);
			inputPaths = (
				"${PODS_PODFILE_DIR_PATH}/Podfile.lock",
				"${PODS_ROOT}/Manifest.lock",
			);
			name = "[CP] Check Pods Manifest.lock";
			outputFileListPaths = (
			);
			outputPaths = (
				"$(DERIVED_FILE_DIR)/Pods-GaiaXSocket-checkManifestLockResult.txt",
			);
			runOnlyForDeploymentPostprocessing = 0;
			shellPath = /bin/sh;
			shellScript = "diff \"${PODS_PODFILE_DIR_PATH}/Podfile.lock\" \"${PODS_ROOT}/Manifest.lock\" > /dev/null\nif [ $? != 0 ] ; then\n    # print error to STDERR\n    echo \"error: The sandbox is not in sync with the Podfile.lock. Run 'pod install' or update your CocoaPods installation.\" >&2\n    exit 1\nfi\n# This output is used by Xcode 'outputs' to avoid re-running this script phase.\necho \"SUCCESS\" > \"${SCRIPT_OUTPUT_FILE_0}\"\n";
			showEnvVarsInLog = 0;
		};
/* End PBXShellScriptBuildPhase section */

/* Begin PBXSourcesBuildPhase section */
		8D23C0082856E3B800EC75F6 /* Sources */ = {
			isa = PBXSourcesBuildPhase;
			buildActionMask = 2147483647;
			files = (
				8D23C0292856EAB700EC75F6 /* GaiaXSocketManager.m in Sources */,
				8D23C0252856EAA200EC75F6 /* GaiaXSocketClient.m in Sources */,
				BDE9A30C29029C0100D5120C /* GaiaXSocketModel.m in Sources */,
				8D23C0192856E42D00EC75F6 /* GaiaXSocketJsonRpcDefine.m in Sources */,
				8D23C0212856E68200EC75F6 /* GaiaXSocketUtils.m in Sources */,
			);
			runOnlyForDeploymentPostprocessing = 0;
		};
/* End PBXSourcesBuildPhase section */

/* Begin XCBuildConfiguration section */
		8D23C0112856E3B800EC75F6 /* Debug */ = {
			isa = XCBuildConfiguration;
			buildSettings = {
				ALWAYS_SEARCH_USER_PATHS = NO;
				CLANG_ANALYZER_NONNULL = YES;
				CLANG_ANALYZER_NUMBER_OBJECT_CONVERSION = YES_AGGRESSIVE;
				CLANG_CXX_LANGUAGE_STANDARD = "gnu++17";
				CLANG_ENABLE_MODULES = YES;
				CLANG_ENABLE_OBJC_ARC = YES;
				CLANG_ENABLE_OBJC_WEAK = YES;
				CLANG_WARN_BLOCK_CAPTURE_AUTORELEASING = YES;
				CLANG_WARN_BOOL_CONVERSION = YES;
				CLANG_WARN_COMMA = YES;
				CLANG_WARN_CONSTANT_CONVERSION = YES;
				CLANG_WARN_DEPRECATED_OBJC_IMPLEMENTATIONS = YES;
				CLANG_WARN_DIRECT_OBJC_ISA_USAGE = YES_ERROR;
				CLANG_WARN_DOCUMENTATION_COMMENTS = YES;
				CLANG_WARN_EMPTY_BODY = YES;
				CLANG_WARN_ENUM_CONVERSION = YES;
				CLANG_WARN_INFINITE_RECURSION = YES;
				CLANG_WARN_INT_CONVERSION = YES;
				CLANG_WARN_NON_LITERAL_NULL_CONVERSION = YES;
				CLANG_WARN_OBJC_IMPLICIT_RETAIN_SELF = YES;
				CLANG_WARN_OBJC_LITERAL_CONVERSION = YES;
				CLANG_WARN_OBJC_ROOT_CLASS = YES_ERROR;
				CLANG_WARN_QUOTED_INCLUDE_IN_FRAMEWORK_HEADER = YES;
				CLANG_WARN_RANGE_LOOP_ANALYSIS = YES;
				CLANG_WARN_STRICT_PROTOTYPES = YES;
				CLANG_WARN_SUSPICIOUS_MOVE = YES;
				CLANG_WARN_UNGUARDED_AVAILABILITY = YES_AGGRESSIVE;
				CLANG_WARN_UNREACHABLE_CODE = YES;
				CLANG_WARN__DUPLICATE_METHOD_MATCH = YES;
				COPY_PHASE_STRIP = NO;
				CURRENT_PROJECT_VERSION = 1;
				DEBUG_INFORMATION_FORMAT = dwarf;
				ENABLE_STRICT_OBJC_MSGSEND = YES;
				ENABLE_TESTABILITY = YES;
				GCC_C_LANGUAGE_STANDARD = gnu11;
				GCC_DYNAMIC_NO_PIC = NO;
				GCC_NO_COMMON_BLOCKS = YES;
				GCC_OPTIMIZATION_LEVEL = 0;
				GCC_PREPROCESSOR_DEFINITIONS = (
					"DEBUG=1",
					"$(inherited)",
				);
				GCC_WARN_64_TO_32_BIT_CONVERSION = YES;
				GCC_WARN_ABOUT_RETURN_TYPE = YES_ERROR;
				GCC_WARN_UNDECLARED_SELECTOR = YES;
				GCC_WARN_UNINITIALIZED_AUTOS = YES_AGGRESSIVE;
				GCC_WARN_UNUSED_FUNCTION = YES;
				GCC_WARN_UNUSED_VARIABLE = YES;
				IPHONEOS_DEPLOYMENT_TARGET = 9.0;
				MTL_ENABLE_DEBUG_INFO = INCLUDE_SOURCE;
				MTL_FAST_MATH = YES;
				ONLY_ACTIVE_ARCH = YES;
				SDKROOT = iphoneos;
				VERSIONING_SYSTEM = "apple-generic";
				VERSION_INFO_PREFIX = "";
			};
			name = Debug;
		};
		8D23C0122856E3B800EC75F6 /* Release */ = {
			isa = XCBuildConfiguration;
			buildSettings = {
				ALWAYS_SEARCH_USER_PATHS = NO;
				CLANG_ANALYZER_NONNULL = YES;
				CLANG_ANALYZER_NUMBER_OBJECT_CONVERSION = YES_AGGRESSIVE;
				CLANG_CXX_LANGUAGE_STANDARD = "gnu++17";
				CLANG_ENABLE_MODULES = YES;
				CLANG_ENABLE_OBJC_ARC = YES;
				CLANG_ENABLE_OBJC_WEAK = YES;
				CLANG_WARN_BLOCK_CAPTURE_AUTORELEASING = YES;
				CLANG_WARN_BOOL_CONVERSION = YES;
				CLANG_WARN_COMMA = YES;
				CLANG_WARN_CONSTANT_CONVERSION = YES;
				CLANG_WARN_DEPRECATED_OBJC_IMPLEMENTATIONS = YES;
				CLANG_WARN_DIRECT_OBJC_ISA_USAGE = YES_ERROR;
				CLANG_WARN_DOCUMENTATION_COMMENTS = YES;
				CLANG_WARN_EMPTY_BODY = YES;
				CLANG_WARN_ENUM_CONVERSION = YES;
				CLANG_WARN_INFINITE_RECURSION = YES;
				CLANG_WARN_INT_CONVERSION = YES;
				CLANG_WARN_NON_LITERAL_NULL_CONVERSION = YES;
				CLANG_WARN_OBJC_IMPLICIT_RETAIN_SELF = YES;
				CLANG_WARN_OBJC_LITERAL_CONVERSION = YES;
				CLANG_WARN_OBJC_ROOT_CLASS = YES_ERROR;
				CLANG_WARN_QUOTED_INCLUDE_IN_FRAMEWORK_HEADER = YES;
				CLANG_WARN_RANGE_LOOP_ANALYSIS = YES;
				CLANG_WARN_STRICT_PROTOTYPES = YES;
				CLANG_WARN_SUSPICIOUS_MOVE = YES;
				CLANG_WARN_UNGUARDED_AVAILABILITY = YES_AGGRESSIVE;
				CLANG_WARN_UNREACHABLE_CODE = YES;
				CLANG_WARN__DUPLICATE_METHOD_MATCH = YES;
				COPY_PHASE_STRIP = NO;
				CURRENT_PROJECT_VERSION = 1;
				DEBUG_INFORMATION_FORMAT = "dwarf-with-dsym";
				ENABLE_NS_ASSERTIONS = NO;
				ENABLE_STRICT_OBJC_MSGSEND = YES;
				GCC_C_LANGUAGE_STANDARD = gnu11;
				GCC_NO_COMMON_BLOCKS = YES;
				GCC_WARN_64_TO_32_BIT_CONVERSION = YES;
				GCC_WARN_ABOUT_RETURN_TYPE = YES_ERROR;
				GCC_WARN_UNDECLARED_SELECTOR = YES;
				GCC_WARN_UNINITIALIZED_AUTOS = YES_AGGRESSIVE;
				GCC_WARN_UNUSED_FUNCTION = YES;
				GCC_WARN_UNUSED_VARIABLE = YES;
				IPHONEOS_DEPLOYMENT_TARGET = 9.0;
				MTL_ENABLE_DEBUG_INFO = NO;
				MTL_FAST_MATH = YES;
				SDKROOT = iphoneos;
				VALIDATE_PRODUCT = YES;
				VERSIONING_SYSTEM = "apple-generic";
				VERSION_INFO_PREFIX = "";
			};
			name = Release;
		};
		8D23C0142856E3B800EC75F6 /* Debug */ = {
			isa = XCBuildConfiguration;
			baseConfigurationReference = A1C9BBCC75A57C0EC5E290E9 /* Pods-GaiaXSocket.debug.xcconfig */;
			buildSettings = {
				BUILD_LIBRARY_FOR_DISTRIBUTION = YES;
				CODE_SIGN_STYLE = Automatic;
				CURRENT_PROJECT_VERSION = 1;
				DEFINES_MODULE = YES;
				DEVELOPMENT_TEAM = "";
				DYLIB_COMPATIBILITY_VERSION = 1;
				DYLIB_CURRENT_VERSION = 1;
				DYLIB_INSTALL_NAME_BASE = "@rpath";
				GENERATE_INFOPLIST_FILE = YES;
				INFOPLIST_FILE = GaiaXSocket/Info.plist;
				INFOPLIST_KEY_NSHumanReadableCopyright = "";
				INSTALL_PATH = "$(LOCAL_LIBRARY_DIR)/Frameworks";
				LD_RUNPATH_SEARCH_PATHS = (
					"$(inherited)",
					"@executable_path/Frameworks",
					"@loader_path/Frameworks",
				);
				MACH_O_TYPE = staticlib;
				MARKETING_VERSION = 1.0;
				PRODUCT_BUNDLE_IDENTIFIER = com.alibaba.GaiaXSocket;
				PRODUCT_NAME = "$(TARGET_NAME:c99extidentifier)";
				SKIP_INSTALL = YES;
				SWIFT_EMIT_LOC_STRINGS = YES;
				TARGETED_DEVICE_FAMILY = "1,2";
			};
			name = Debug;
		};
		8D23C0152856E3B800EC75F6 /* Release */ = {
			isa = XCBuildConfiguration;
			baseConfigurationReference = FD625657B8857C352384BEA1 /* Pods-GaiaXSocket.release.xcconfig */;
			buildSettings = {
				BUILD_LIBRARY_FOR_DISTRIBUTION = YES;
				CODE_SIGN_STYLE = Automatic;
				CURRENT_PROJECT_VERSION = 1;
				DEFINES_MODULE = YES;
				DEVELOPMENT_TEAM = "";
				DYLIB_COMPATIBILITY_VERSION = 1;
				DYLIB_CURRENT_VERSION = 1;
				DYLIB_INSTALL_NAME_BASE = "@rpath";
				GCC_OPTIMIZATION_LEVEL = z;
				GENERATE_INFOPLIST_FILE = YES;
				INFOPLIST_FILE = GaiaXSocket/Info.plist;
				INFOPLIST_KEY_NSHumanReadableCopyright = "";
				INSTALL_PATH = "$(LOCAL_LIBRARY_DIR)/Frameworks";
				LD_RUNPATH_SEARCH_PATHS = (
					"$(inherited)",
					"@executable_path/Frameworks",
					"@loader_path/Frameworks",
				);
				MACH_O_TYPE = staticlib;
				MARKETING_VERSION = 1.0;
				PRODUCT_BUNDLE_IDENTIFIER = com.alibaba.GaiaXSocket;
				PRODUCT_NAME = "$(TARGET_NAME:c99extidentifier)";
				SKIP_INSTALL = YES;
				SWIFT_EMIT_LOC_STRINGS = YES;
				TARGETED_DEVICE_FAMILY = "1,2";
			};
			name = Release;
		};
/* End XCBuildConfiguration section */

/* Begin XCConfigurationList section */
		8D23C0062856E3B800EC75F6 /* Build configuration list for PBXProject "GaiaXSocket" */ = {
			isa = XCConfigurationList;
			buildConfigurations = (
				8D23C0112856E3B800EC75F6 /* Debug */,
				8D23C0122856E3B800EC75F6 /* Release */,
			);
			defaultConfigurationIsVisible = 0;
			defaultConfigurationName = Release;
		};
		8D23C0132856E3B800EC75F6 /* Build configuration list for PBXNativeTarget "GaiaXSocket" */ = {
			isa = XCConfigurationList;
			buildConfigurations = (
				8D23C0142856E3B800EC75F6 /* Debug */,
				8D23C0152856E3B800EC75F6 /* Release */,
			);
			defaultConfigurationIsVisible = 0;
			defaultConfigurationName = Release;
		};
/* End XCConfigurationList section */
	};
	rootObject = 8D23C0032856E3B800EC75F6 /* Project object */;
}
